// !$*UTF8*$!
{
	archiveVersion = 1;
	classes = {
	};
	objectVersion = 77;
	objects = {

/* Begin PBXBuildFile section */
		BB000001BBBB000100000001 /* GoogleService-Info.plist in Resources */ = {isa = PBXBuildFile; fileRef = BB000001BBBB000000000001 /* GoogleService-Info.plist */; };
		BB000001BBBB000100000002 /* GoogleService-Info.plist in Resources */ = {isa = PBXBuildFile; fileRef = BB000001BBBB000000000001 /* GoogleService-Info.plist */; };
		BB000001BBBB000100000003 /* GoogleService-Info.plist in Resources */ = {isa = PBXBuildFile; fileRef = BB000001BBBB000000000001 /* GoogleService-Info.plist */; };
		00A917E12F160F5E00440BEA /* DentalExamPrepApp.swift in Sources */ = {isa = PBXBuildFile; fileRef = 00A917D02F160F5E00440BEA /* DentalExamPrepApp.swift */; };
		00A917E22F160F5E00440BEA /* ExamView.swift in Sources */ = {isa = PBXBuildFile; fileRef = 00A917D12F160F5E00440BEA /* ExamView.swift */; };
		00A917E32F160F5E00440BEA /* ProgressManager.swift in Sources */ = {isa = PBXBuildFile; fileRef = 00A917D62F160F5E00440BEA /* ProgressManager.swift */; };
		00A917E42F160F5E00440BEA /* FeedbackView.swift in Sources */ = {isa = PBXBuildFile; fileRef = 00A917D22F160F5E00440BEA /* FeedbackView.swift */; };
		00A917E52F160F5E00440BEA /* ScoreReportView.swift in Sources */ = {isa = PBXBuildFile; fileRef = 00A917DA2F160F5E00440BEA /* ScoreReportView.swift */; };
		00A917E62F160F5E00440BEA /* DentalExamPrepTests.swift in Sources */ = {isa = PBXBuildFile; fileRef = 00A917DC2F160F5E00440BEA /* DentalExamPrepTests.swift */; };
		00A917E72F160F5E00440BEA /* Scenario.swift in Sources */ = {isa = PBXBuildFile; fileRef = 00A917D82F160F5E00440BEA /* Scenario.swift */; };
		00A917E82F160F5E00440BEA /* MainMenuView.swift in Sources */ = {isa = PBXBuildFile; fileRef = 00A917D42F160F5E00440BEA /* MainMenuView.swift */; };
		00A917E92F160F5E00440BEA /* DentalExamPrepUITestsLaunchTests.swift in Sources */ = {isa = PBXBuildFile; fileRef = 00A917DF2F160F5E00440BEA /* DentalExamPrepUITestsLaunchTests.swift */; };
		00A917EA2F160F5E00440BEA /* PatientBoxView.swift in Sources */ = {isa = PBXBuildFile; fileRef = 00A917D52F160F5E00440BEA /* PatientBoxView.swift */; };
		00A917EB2F160F5E00440BEA /* DentalExamPrepUITests.swift in Sources */ = {isa = PBXBuildFile; fileRef = 00A917DE2F160F5E00440BEA /* DentalExamPrepUITests.swift */; };
		00A917EC2F160F5E00440BEA /* DashboardView.swift in Sources */ = {isa = PBXBuildFile; fileRef = 00A917CF2F160F5E00440BEA /* DashboardView.swift */; };
		00A917ED2F160F5E00440BEA /* CardView.swift in Sources */ = {isa = PBXBuildFile; fileRef = 00A917CD2F160F5E00440BEA /* CardView.swift */; };
		00A917EE2F160F5E00440BEA /* ContentView.swift in Sources */ = {isa = PBXBuildFile; fileRef = 00A917CE2F160F5E00440BEA /* ContentView.swift */; };
		00A917EF2F160F5E00440BEA /* Question.swift in Sources */ = {isa = PBXBuildFile; fileRef = 00A917D72F160F5E00440BEA /* Question.swift */; };
		00A917F02F160F5E00440BEA /* ScenarioRunnerView.swift in Sources */ = {isa = PBXBuildFile; fileRef = 00A917D92F160F5E00440BEA /* ScenarioRunnerView.swift */; };
		00A917F12F160F5E00440BEA /* Assets.xcassets in Resources */ = {isa = PBXBuildFile; fileRef = 00A917CC2F160F5E00440BEA /* Assets.xcassets */; };
		00A917F32F160F5E00440BEA /* DentalExamPrepApp.swift in Sources */ = {isa = PBXBuildFile; fileRef = 00A917D02F160F5E00440BEA /* DentalExamPrepApp.swift */; };
		00A917F42F160F5E00440BEA /* ExamView.swift in Sources */ = {isa = PBXBuildFile; fileRef = 00A917D12F160F5E00440BEA /* ExamView.swift */; };
		00A917F52F160F5E00440BEA /* ProgressManager.swift in Sources */ = {isa = PBXBuildFile; fileRef = 00A917D62F160F5E00440BEA /* ProgressManager.swift */; };
		00A917F62F160F5E00440BEA /* FeedbackView.swift in Sources */ = {isa = PBXBuildFile; fileRef = 00A917D22F160F5E00440BEA /* FeedbackView.swift */; };
		00A917F72F160F5E00440BEA /* ScoreReportView.swift in Sources */ = {isa = PBXBuildFile; fileRef = 00A917DA2F160F5E00440BEA /* ScoreReportView.swift */; };
		00A917F82F160F5E00440BEA /* DentalExamPrepTests.swift in Sources */ = {isa = PBXBuildFile; fileRef = 00A917DC2F160F5E00440BEA /* DentalExamPrepTests.swift */; };
		00A917F92F160F5E00440BEA /* Scenario.swift in Sources */ = {isa = PBXBuildFile; fileRef = 00A917D82F160F5E00440BEA /* Scenario.swift */; };
		00A917FA2F160F5E00440BEA /* MainMenuView.swift in Sources */ = {isa = PBXBuildFile; fileRef = 00A917D42F160F5E00440BEA /* MainMenuView.swift */; };
		00A917FB2F160F5E00440BEA /* DentalExamPrepUITestsLaunchTests.swift in Sources */ = {isa = PBXBuildFile; fileRef = 00A917DF2F160F5E00440BEA /* DentalExamPrepUITestsLaunchTests.swift */; };
		00A917FC2F160F5E00440BEA /* PatientBoxView.swift in Sources */ = {isa = PBXBuildFile; fileRef = 00A917D52F160F5E00440BEA /* PatientBoxView.swift */; };
		00A917FD2F160F5E00440BEA /* DentalExamPrepUITests.swift in Sources */ = {isa = PBXBuildFile; fileRef = 00A917DE2F160F5E00440BEA /* DentalExamPrepUITests.swift */; };
		00A917FE2F160F5E00440BEA /* DashboardView.swift in Sources */ = {isa = PBXBuildFile; fileRef = 00A917CF2F160F5E00440BEA /* DashboardView.swift */; };
		00A917FF2F160F5E00440BEA /* CardView.swift in Sources */ = {isa = PBXBuildFile; fileRef = 00A917CD2F160F5E00440BEA /* CardView.swift */; };
		00A918002F160F5E00440BEA /* ContentView.swift in Sources */ = {isa = PBXBuildFile; fileRef = 00A917CE2F160F5E00440BEA /* ContentView.swift */; };
		00A918012F160F5E00440BEA /* Question.swift in Sources */ = {isa = PBXBuildFile; fileRef = 00A917D72F160F5E00440BEA /* Question.swift */; };
		00A918022F160F5E00440BEA /* ScenarioRunnerView.swift in Sources */ = {isa = PBXBuildFile; fileRef = 00A917D92F160F5E00440BEA /* ScenarioRunnerView.swift */; };
		00A918032F160F5E00440BEA /* Assets.xcassets in Resources */ = {isa = PBXBuildFile; fileRef = 00A917CC2F160F5E00440BEA /* Assets.xcassets */; };
		00A918052F160F5E00440BEA /* Assets.xcassets in Resources */ = {isa = PBXBuildFile; fileRef = 00A917CC2F160F5E00440BEA /* Assets.xcassets */; };
		00A918072F160F5E00440BEA /* DentalExamPrepApp.swift in Sources */ = {isa = PBXBuildFile; fileRef = 00A917D02F160F5E00440BEA /* DentalExamPrepApp.swift */; };
		00A918082F160F5E00440BEA /* ExamView.swift in Sources */ = {isa = PBXBuildFile; fileRef = 00A917D12F160F5E00440BEA /* ExamView.swift */; };
		00A918092F160F5E00440BEA /* ProgressManager.swift in Sources */ = {isa = PBXBuildFile; fileRef = 00A917D62F160F5E00440BEA /* ProgressManager.swift */; };
		00A9180A2F160F5E00440BEA /* FeedbackView.swift in Sources */ = {isa = PBXBuildFile; fileRef = 00A917D22F160F5E00440BEA /* FeedbackView.swift */; };
		00A9180B2F160F5E00440BEA /* ScoreReportView.swift in Sources */ = {isa = PBXBuildFile; fileRef = 00A917DA2F160F5E00440BEA /* ScoreReportView.swift */; };
		00A9180C2F160F5E00440BEA /* DentalExamPrepTests.swift in Sources */ = {isa = PBXBuildFile; fileRef = 00A917DC2F160F5E00440BEA /* DentalExamPrepTests.swift */; };
		00A9180D2F160F5E00440BEA /* Scenario.swift in Sources */ = {isa = PBXBuildFile; fileRef = 00A917D82F160F5E00440BEA /* Scenario.swift */; };
		00A9180E2F160F5E00440BEA /* MainMenuView.swift in Sources */ = {isa = PBXBuildFile; fileRef = 00A917D42F160F5E00440BEA /* MainMenuView.swift */; };
		00A9180F2F160F5E00440BEA /* DentalExamPrepUITestsLaunchTests.swift in Sources */ = {isa = PBXBuildFile; fileRef = 00A917DF2F160F5E00440BEA /* DentalExamPrepUITestsLaunchTests.swift */; };
		00A918102F160F5E00440BEA /* PatientBoxView.swift in Sources */ = {isa = PBXBuildFile; fileRef = 00A917D52F160F5E00440BEA /* PatientBoxView.swift */; };
		00A918112F160F5E00440BEA /* DentalExamPrepUITests.swift in Sources */ = {isa = PBXBuildFile; fileRef = 00A917DE2F160F5E00440BEA /* DentalExamPrepUITests.swift */; };
		00A918122F160F5E00440BEA /* DashboardView.swift in Sources */ = {isa = PBXBuildFile; fileRef = 00A917CF2F160F5E00440BEA /* DashboardView.swift */; };
		00A918132F160F5E00440BEA /* CardView.swift in Sources */ = {isa = PBXBuildFile; fileRef = 00A917CD2F160F5E00440BEA /* CardView.swift */; };
		00A918142F160F5E00440BEA /* ContentView.swift in Sources */ = {isa = PBXBuildFile; fileRef = 00A917CE2F160F5E00440BEA /* ContentView.swift */; };
		00A918152F160F5E00440BEA /* Question.swift in Sources */ = {isa = PBXBuildFile; fileRef = 00A917D72F160F5E00440BEA /* Question.swift */; };
		00A918162F160F5E00440BEA /* ScenarioRunnerView.swift in Sources */ = {isa = PBXBuildFile; fileRef = 00A917D92F160F5E00440BEA /* ScenarioRunnerView.swift */; };
		00EC43BE2F1334E400801024 /* FirebaseAI in Frameworks */ = {isa = PBXBuildFile; productRef = 00EC43BD2F1334E400801024 /* FirebaseAI */; };
		00EC43C02F1334E400801024 /* FirebaseAILogic in Frameworks */ = {isa = PBXBuildFile; productRef = 00EC43BF2F1334E400801024 /* FirebaseAILogic */; };
		00EC43C22F1334E400801024 /* FirebaseAnalytics in Frameworks */ = {isa = PBXBuildFile; productRef = 00EC43C12F1334E400801024 /* FirebaseAnalytics */; };
		00EC43C42F1334E400801024 /* FirebaseAnalyticsCore in Frameworks */ = {isa = PBXBuildFile; productRef = 00EC43C32F1334E400801024 /* FirebaseAnalyticsCore */; };
		00EC43C62F1334E400801024 /* FirebaseAnalyticsIdentitySupport in Frameworks */ = {isa = PBXBuildFile; productRef = 00EC43C52F1334E400801024 /* FirebaseAnalyticsIdentitySupport */; };
		00EC43C82F1334E400801025 /* FirebaseFirestore in Frameworks */ = {isa = PBXBuildFile; productRef = 00EC43C72F1334E400801025 /* FirebaseFirestore */; };
		AA000001AAAA000100000001 /* Theme.swift in Sources */ = {isa = PBXBuildFile; fileRef = AA000001AAAA000000000001 /* Theme.swift */; };
		AA000001AAAA000100000002 /* AppLogger.swift in Sources */ = {isa = PBXBuildFile; fileRef = AA000001AAAA000000000002 /* AppLogger.swift */; };
		AA000001AAAA000100000003 /* QuestionService.swift in Sources */ = {isa = PBXBuildFile; fileRef = AA000001AAAA000000000003 /* QuestionService.swift */; };
		AA000001AAAA000100000004 /* RemoteImageView.swift in Sources */ = {isa = PBXBuildFile; fileRef = AA000001AAAA000000000004 /* RemoteImageView.swift */; };
		AA000002AAAA000100000001 /* Theme.swift in Sources */ = {isa = PBXBuildFile; fileRef = AA000001AAAA000000000001 /* Theme.swift */; };
		AA000002AAAA000100000002 /* AppLogger.swift in Sources */ = {isa = PBXBuildFile; fileRef = AA000001AAAA000000000002 /* AppLogger.swift */; };
		AA000002AAAA000100000003 /* QuestionService.swift in Sources */ = {isa = PBXBuildFile; fileRef = AA000001AAAA000000000003 /* QuestionService.swift */; };
		AA000002AAAA000100000004 /* RemoteImageView.swift in Sources */ = {isa = PBXBuildFile; fileRef = AA000001AAAA000000000004 /* RemoteImageView.swift */; };
		AA000003AAAA000100000001 /* Theme.swift in Sources */ = {isa = PBXBuildFile; fileRef = AA000001AAAA000000000001 /* Theme.swift */; };
		AA000003AAAA000100000002 /* AppLogger.swift in Sources */ = {isa = PBXBuildFile; fileRef = AA000001AAAA000000000002 /* AppLogger.swift */; };
		AA000003AAAA000100000003 /* QuestionService.swift in Sources */ = {isa = PBXBuildFile; fileRef = AA000001AAAA000000000003 /* QuestionService.swift */; };
		AA000003AAAA000100000004 /* RemoteImageView.swift in Sources */ = {isa = PBXBuildFile; fileRef = AA000001AAAA000000000004 /* RemoteImageView.swift */; };
/* End PBXBuildFile section */

/* Begin PBXContainerItemProxy section */
		00EC43A02F1333D000801024 /* PBXContainerItemProxy */ = {
			isa = PBXContainerItemProxy;
			containerPortal = 00EC438A2F1333CD00801024 /* Project object */;
			proxyType = 1;
			remoteGlobalIDString = 00EC43912F1333CD00801024;
			remoteInfo = DentalExamPrep;
		};
		00EC43AA2F1333D000801024 /* PBXContainerItemProxy */ = {
			isa = PBXContainerItemProxy;
			containerPortal = 00EC438A2F1333CD00801024 /* Project object */;
			proxyType = 1;
			remoteGlobalIDString = 00EC43912F1333CD00801024;
			remoteInfo = DentalExamPrep;
		};
/* End PBXContainerItemProxy section */

/* Begin PBXFileReference section */
		00A917CC2F160F5E00440BEA /* Assets.xcassets */ = {isa = PBXFileReference; lastKnownFileType = folder.assetcatalog; path = Assets.xcassets; sourceTree = "<group>"; };
		00A917CD2F160F5E00440BEA /* CardView.swift */ = {isa = PBXFileReference; lastKnownFileType = sourcecode.swift; path = CardView.swift; sourceTree = "<group>"; };
		00A917CE2F160F5E00440BEA /* ContentView.swift */ = {isa = PBXFileReference; lastKnownFileType = sourcecode.swift; path = ContentView.swift; sourceTree = "<group>"; };
		00A917CF2F160F5E00440BEA /* DashboardView.swift */ = {isa = PBXFileReference; lastKnownFileType = sourcecode.swift; path = DashboardView.swift; sourceTree = "<group>"; };
		00A917D02F160F5E00440BEA /* DentalExamPrepApp.swift */ = {isa = PBXFileReference; lastKnownFileType = sourcecode.swift; path = DentalExamPrepApp.swift; sourceTree = "<group>"; };
		00A917D12F160F5E00440BEA /* ExamView.swift */ = {isa = PBXFileReference; lastKnownFileType = sourcecode.swift; path = ExamView.swift; sourceTree = "<group>"; };
		00A917D22F160F5E00440BEA /* FeedbackView.swift */ = {isa = PBXFileReference; lastKnownFileType = sourcecode.swift; path = FeedbackView.swift; sourceTree = "<group>"; };
		00A917D42F160F5E00440BEA /* MainMenuView.swift */ = {isa = PBXFileReference; lastKnownFileType = sourcecode.swift; path = MainMenuView.swift; sourceTree = "<group>"; };
		00A917D52F160F5E00440BEA /* PatientBoxView.swift */ = {isa = PBXFileReference; lastKnownFileType = sourcecode.swift; path = PatientBoxView.swift; sourceTree = "<group>"; };
		00A917D62F160F5E00440BEA /* ProgressManager.swift */ = {isa = PBXFileReference; lastKnownFileType = sourcecode.swift; path = ProgressManager.swift; sourceTree = "<group>"; };
		00A917D72F160F5E00440BEA /* Question.swift */ = {isa = PBXFileReference; lastKnownFileType = sourcecode.swift; path = Question.swift; sourceTree = "<group>"; };
		00A917D82F160F5E00440BEA /* Scenario.swift */ = {isa = PBXFileReference; lastKnownFileType = sourcecode.swift; path = Scenario.swift; sourceTree = "<group>"; };
		00A917D92F160F5E00440BEA /* ScenarioRunnerView.swift */ = {isa = PBXFileReference; lastKnownFileType = sourcecode.swift; path = ScenarioRunnerView.swift; sourceTree = "<group>"; };
		00A917DA2F160F5E00440BEA /* ScoreReportView.swift */ = {isa = PBXFileReference; lastKnownFileType = sourcecode.swift; path = ScoreReportView.swift; sourceTree = "<group>"; };
		AA000001AAAA000000000001 /* Theme.swift */ = {isa = PBXFileReference; lastKnownFileType = sourcecode.swift; path = Theme.swift; sourceTree = "<group>"; };
		AA000001AAAA000000000002 /* AppLogger.swift */ = {isa = PBXFileReference; lastKnownFileType = sourcecode.swift; path = AppLogger.swift; sourceTree = "<group>"; };
		AA000001AAAA000000000003 /* QuestionService.swift */ = {isa = PBXFileReference; lastKnownFileType = sourcecode.swift; path = QuestionService.swift; sourceTree = "<group>"; };
		AA000001AAAA000000000004 /* RemoteImageView.swift */ = {isa = PBXFileReference; lastKnownFileType = sourcecode.swift; path = RemoteImageView.swift; sourceTree = "<group>"; };
		BB000001BBBB000000000001 /* GoogleService-Info.plist */ = {isa = PBXFileReference; lastKnownFileType = text.plist.xml; path = "GoogleService-Info.plist"; sourceTree = "<group>"; };
		00A917DC2F160F5E00440BEA /* DentalExamPrepTests.swift */ = {isa = PBXFileReference; lastKnownFileType = sourcecode.swift; path = DentalExamPrepTests.swift; sourceTree = "<group>"; };
		00A917DE2F160F5E00440BEA /* DentalExamPrepUITests.swift */ = {isa = PBXFileReference; lastKnownFileType = sourcecode.swift; path = DentalExamPrepUITests.swift; sourceTree = "<group>"; };
		00A917DF2F160F5E00440BEA /* DentalExamPrepUITestsLaunchTests.swift */ = {isa = PBXFileReference; lastKnownFileType = sourcecode.swift; path = DentalExamPrepUITestsLaunchTests.swift; sourceTree = "<group>"; };
		00EC43922F1333CD00801024 /* RapidDent.app */ = {isa = PBXFileReference; explicitFileType = wrapper.application; includeInIndex = 0; path = RapidDent.app; sourceTree = BUILT_PRODUCTS_DIR; };
		00EC439F2F1333D000801024 /* RapidDentTests.xctest */ = {isa = PBXFileReference; explicitFileType = wrapper.cfbundle; includeInIndex = 0; path = RapidDentTests.xctest; sourceTree = BUILT_PRODUCTS_DIR; };
		00EC43A92F1333D000801024 /* RapidDentUITests.xctest */ = {isa = PBXFileReference; explicitFileType = wrapper.cfbundle; includeInIndex = 0; path = RapidDentUITests.xctest; sourceTree = BUILT_PRODUCTS_DIR; };
/* End PBXFileReference section */

/* Begin PBXFrameworksBuildPhase section */
		00EC438F2F1333CD00801024 /* Frameworks */ = {
			isa = PBXFrameworksBuildPhase;
			buildActionMask = 2147483647;
			files = (
				00EC43C02F1334E400801024 /* FirebaseAILogic in Frameworks */,
				00EC43C62F1334E400801024 /* FirebaseAnalyticsIdentitySupport in Frameworks */,
				00EC43BE2F1334E400801024 /* FirebaseAI in Frameworks */,
				00EC43C22F1334E400801024 /* FirebaseAnalytics in Frameworks */,
				00EC43C42F1334E400801024 /* FirebaseAnalyticsCore in Frameworks */,
				00EC43C82F1334E400801025 /* FirebaseFirestore in Frameworks */,
			);
			runOnlyForDeploymentPostprocessing = 0;
		};
		00EC439C2F1333D000801024 /* Frameworks */ = {
			isa = PBXFrameworksBuildPhase;
			buildActionMask = 2147483647;
			files = (
			);
			runOnlyForDeploymentPostprocessing = 0;
		};
		00EC43A62F1333D000801024 /* Frameworks */ = {
			isa = PBXFrameworksBuildPhase;
			buildActionMask = 2147483647;
			files = (
			);
			runOnlyForDeploymentPostprocessing = 0;
		};
/* End PBXFrameworksBuildPhase section */

/* Begin PBXGroup section */
		00A917DB2F160F5E00440BEA /* RapidDent */ = {
			isa = PBXGroup;
			children = (
				00A917CC2F160F5E00440BEA /* Assets.xcassets */,
				00A917CD2F160F5E00440BEA /* CardView.swift */,
				00A917CE2F160F5E00440BEA /* ContentView.swift */,
				00A917CF2F160F5E00440BEA /* DashboardView.swift */,
				00A917D02F160F5E00440BEA /* DentalExamPrepApp.swift */,
				00A917D12F160F5E00440BEA /* ExamView.swift */,
				00A917D22F160F5E00440BEA /* FeedbackView.swift */,
				00A917D42F160F5E00440BEA /* MainMenuView.swift */,
				00A917D52F160F5E00440BEA /* PatientBoxView.swift */,
				00A917D62F160F5E00440BEA /* ProgressManager.swift */,
				00A917D72F160F5E00440BEA /* Question.swift */,
				00A917D82F160F5E00440BEA /* Scenario.swift */,
				00A917D92F160F5E00440BEA /* ScenarioRunnerView.swift */,
				00A917DA2F160F5E00440BEA /* ScoreReportView.swift */,
				AA000001AAAA000000000001 /* Theme.swift */,
				AA000001AAAA000000000002 /* AppLogger.swift */,
				AA000001AAAA000000000003 /* QuestionService.swift */,
				AA000001AAAA000000000004 /* RemoteImageView.swift */,
				BB000001BBBB000000000001 /* GoogleService-Info.plist */,
			);
			path = RapidDent;
			sourceTree = "<group>";
		};
		00A917DD2F160F5E00440BEA /* RapidDentTests */ = {
			isa = PBXGroup;
			children = (
				00A917DC2F160F5E00440BEA /* DentalExamPrepTests.swift */,
			);
			path = RapidDentTests;
			sourceTree = "<group>";
		};
		00A917E02F160F5E00440BEA /* RapidDentUITests */ = {
			isa = PBXGroup;
			children = (
				00A917DE2F160F5E00440BEA /* DentalExamPrepUITests.swift */,
				00A917DF2F160F5E00440BEA /* DentalExamPrepUITestsLaunchTests.swift */,
			);
			path = RapidDentUITests;
			sourceTree = "<group>";
		};
		00EC43892F1333CD00801024 = {
			isa = PBXGroup;
			children = (
				00A917DB2F160F5E00440BEA /* RapidDent */,
				00A917DD2F160F5E00440BEA /* RapidDentTests */,
				00A917E02F160F5E00440BEA /* RapidDentUITests */,
				00EC43932F1333CD00801024 /* Products */,
			);
			sourceTree = "<group>";
		};
		00EC43932F1333CD00801024 /* Products */ = {
			isa = PBXGroup;
			children = (
				00EC43922F1333CD00801024 /* RapidDent.app */,
				00EC439F2F1333D000801024 /* RapidDentTests.xctest */,
				00EC43A92F1333D000801024 /* RapidDentUITests.xctest */,
			);
			name = Products;
			sourceTree = "<group>";
		};
/* End PBXGroup section */

/* Begin PBXNativeTarget section */
		00EC43912F1333CD00801024 /* RapidDent */ = {
			isa = PBXNativeTarget;
			buildConfigurationList = 00EC43B32F1333D000801024 /* Build configuration list for PBXNativeTarget "RapidDent" */;
			buildPhases = (
				00EC438E2F1333CD00801024 /* Sources */,
				00EC438F2F1333CD00801024 /* Frameworks */,
				00EC43902F1333CD00801024 /* Resources */,
			);
			buildRules = (
			);
			dependencies = (
			);
			name = RapidDent;
			packageProductDependencies = (
				00EC43BD2F1334E400801024 /* FirebaseAI */,
				00EC43BF2F1334E400801024 /* FirebaseAILogic */,
				00EC43C12F1334E400801024 /* FirebaseAnalytics */,
				00EC43C32F1334E400801024 /* FirebaseAnalyticsCore */,
				00EC43C52F1334E400801024 /* FirebaseAnalyticsIdentitySupport */,
				00EC43C72F1334E400801025 /* FirebaseFirestore */,
			);
			productName = DentalExamPrep;
			productReference = 00EC43922F1333CD00801024 /* RapidDent.app */;
			productType = "com.apple.product-type.application";
		};
		00EC439E2F1333D000801024 /* RapidDentTests */ = {
			isa = PBXNativeTarget;
			buildConfigurationList = 00EC43B62F1333D000801024 /* Build configuration list for PBXNativeTarget "RapidDentTests" */;
			buildPhases = (
				00EC439B2F1333D000801024 /* Sources */,
				00EC439C2F1333D000801024 /* Frameworks */,
				00EC439D2F1333D000801024 /* Resources */,
			);
			buildRules = (
			);
			dependencies = (
				00EC43A12F1333D000801024 /* PBXTargetDependency */,
			);
			name = RapidDentTests;
			packageProductDependencies = (
			);
			productName = DentalExamPrepTests;
			productReference = 00EC439F2F1333D000801024 /* RapidDentTests.xctest */;
			productType = "com.apple.product-type.bundle.unit-test";
		};
		00EC43A82F1333D000801024 /* RapidDentUITests */ = {
			isa = PBXNativeTarget;
			buildConfigurationList = 00EC43B92F1333D000801024 /* Build configuration list for PBXNativeTarget "RapidDentUITests" */;
			buildPhases = (
				00EC43A52F1333D000801024 /* Sources */,
				00EC43A62F1333D000801024 /* Frameworks */,
				00EC43A72F1333D000801024 /* Resources */,
			);
			buildRules = (
			);
			dependencies = (
				00EC43AB2F1333D000801024 /* PBXTargetDependency */,
			);
			name = RapidDentUITests;
			packageProductDependencies = (
			);
			productName = DentalExamPrepUITests;
			productReference = 00EC43A92F1333D000801024 /* RapidDentUITests.xctest */;
			productType = "com.apple.product-type.bundle.ui-testing";
		};
/* End PBXNativeTarget section */

/* Begin PBXProject section */
		00EC438A2F1333CD00801024 /* Project object */ = {
			isa = PBXProject;
			attributes = {
				BuildIndependentTargetsInParallel = 1;
				LastSwiftUpdateCheck = 2620;
				LastUpgradeCheck = 2620;
				TargetAttributes = {
					00EC43912F1333CD00801024 = {
						CreatedOnToolsVersion = 26.2;
					};
					00EC439E2F1333D000801024 = {
						CreatedOnToolsVersion = 26.2;
						TestTargetID = 00EC43912F1333CD00801024;
					};
					00EC43A82F1333D000801024 = {
						CreatedOnToolsVersion = 26.2;
						TestTargetID = 00EC43912F1333CD00801024;
					};
				};
			};
			buildConfigurationList = 00EC438D2F1333CD00801024 /* Build configuration list for PBXProject "RapidDent" */;
			developmentRegion = en;
			hasScannedForEncodings = 0;
			knownRegions = (
				en,
				Base,
			);
			mainGroup = 00EC43892F1333CD00801024;
			minimizedProjectReferenceProxies = 1;
			packageReferences = (
				00EC43BC2F1334E400801024 /* XCRemoteSwiftPackageReference "firebase-ios-sdk" */,
			);
			preferredProjectObjectVersion = 77;
			productRefGroup = 00EC43932F1333CD00801024 /* Products */;
			projectDirPath = "";
			projectRoot = "";
			targets = (
				00EC43912F1333CD00801024 /* RapidDent */,
				00EC439E2F1333D000801024 /* RapidDentTests */,
				00EC43A82F1333D000801024 /* RapidDentUITests */,
			);
		};
/* End PBXProject section */

/* Begin PBXResourcesBuildPhase section */
		00EC43902F1333CD00801024 /* Resources */ = {
			isa = PBXResourcesBuildPhase;
			buildActionMask = 2147483647;
			files = (
				00A918052F160F5E00440BEA /* Assets.xcassets in Resources */,
				BB000001BBBB000100000001 /* GoogleService-Info.plist in Resources */,
			);
			runOnlyForDeploymentPostprocessing = 0;
		};
		00EC439D2F1333D000801024 /* Resources */ = {
			isa = PBXResourcesBuildPhase;
			buildActionMask = 2147483647;
			files = (
				00A917F12F160F5E00440BEA /* Assets.xcassets in Resources */,
				BB000001BBBB000100000002 /* GoogleService-Info.plist in Resources */,
			);
			runOnlyForDeploymentPostprocessing = 0;
		};
		00EC43A72F1333D000801024 /* Resources */ = {
			isa = PBXResourcesBuildPhase;
			buildActionMask = 2147483647;
			files = (
				00A918032F160F5E00440BEA /* Assets.xcassets in Resources */,
				BB000001BBBB000100000003 /* GoogleService-Info.plist in Resources */,
			);
			runOnlyForDeploymentPostprocessing = 0;
		};
/* End PBXResourcesBuildPhase section */

/* Begin PBXSourcesBuildPhase section */
		00EC438E2F1333CD00801024 /* Sources */ = {
			isa = PBXSourcesBuildPhase;
			buildActionMask = 2147483647;
			files = (
				00A918072F160F5E00440BEA /* DentalExamPrepApp.swift in Sources */,
				00A918082F160F5E00440BEA /* ExamView.swift in Sources */,
				00A918092F160F5E00440BEA /* ProgressManager.swift in Sources */,
				00A9180A2F160F5E00440BEA /* FeedbackView.swift in Sources */,
				00A9180B2F160F5E00440BEA /* ScoreReportView.swift in Sources */,
				00A9180D2F160F5E00440BEA /* Scenario.swift in Sources */,
				00A9180E2F160F5E00440BEA /* MainMenuView.swift in Sources */,
				00A918102F160F5E00440BEA /* PatientBoxView.swift in Sources */,
				00A918122F160F5E00440BEA /* DashboardView.swift in Sources */,
				00A918132F160F5E00440BEA /* CardView.swift in Sources */,
				00A918142F160F5E00440BEA /* ContentView.swift in Sources */,
				00A918152F160F5E00440BEA /* Question.swift in Sources */,
				00A918162F160F5E00440BEA /* ScenarioRunnerView.swift in Sources */,
				AA000001AAAA000100000001 /* Theme.swift in Sources */,
				AA000001AAAA000100000002 /* AppLogger.swift in Sources */,
				AA000001AAAA000100000003 /* QuestionService.swift in Sources */,
				AA000001AAAA000100000004 /* RemoteImageView.swift in Sources */,
			);
			runOnlyForDeploymentPostprocessing = 0;
		};
		00EC439B2F1333D000801024 /* Sources */ = {
			isa = PBXSourcesBuildPhase;
			buildActionMask = 2147483647;
			files = (
				00A917E62F160F5E00440BEA /* DentalExamPrepTests.swift in Sources */,
			);
			runOnlyForDeploymentPostprocessing = 0;
		};
		00EC43A52F1333D000801024 /* Sources */ = {
			isa = PBXSourcesBuildPhase;
			buildActionMask = 2147483647;
			files = (
				00A917FD2F160F5E00440BEA /* DentalExamPrepUITests.swift in Sources */,
				00A917FB2F160F5E00440BEA /* DentalExamPrepUITestsLaunchTests.swift in Sources */,
			);
			runOnlyForDeploymentPostprocessing = 0;
		};
/* End PBXSourcesBuildPhase section */

/* Begin PBXTargetDependency section */
		00EC43A12F1333D000801024 /* PBXTargetDependency */ = {
			isa = PBXTargetDependency;
			target = 00EC43912F1333CD00801024 /* RapidDent */;
			targetProxy = 00EC43A02F1333D000801024 /* PBXContainerItemProxy */;
		};
		00EC43AB2F1333D000801024 /* PBXTargetDependency */ = {
			isa = PBXTargetDependency;
			target = 00EC43912F1333CD00801024 /* RapidDent */;
			targetProxy = 00EC43AA2F1333D000801024 /* PBXContainerItemProxy */;
		};
/* End PBXTargetDependency section */

/* Begin XCBuildConfiguration section */
		00EC43B12F1333D000801024 /* Debug */ = {
			isa = XCBuildConfiguration;
			buildSettings = {
				ALWAYS_SEARCH_USER_PATHS = NO;
				ASSETCATALOG_COMPILER_GENERATE_SWIFT_ASSET_SYMBOL_EXTENSIONS = YES;
				CLANG_ANALYZER_NONNULL = YES;
				CLANG_ANALYZER_NUMBER_OBJECT_CONVERSION = YES_AGGRESSIVE;
				CLANG_CXX_LANGUAGE_STANDARD = "gnu++20";
				CLANG_ENABLE_MODULES = YES;
				CLANG_ENABLE_OBJC_ARC = YES;
				CLANG_ENABLE_OBJC_WEAK = YES;
				CLANG_WARN_BLOCK_CAPTURE_AUTORELEASING = YES;
				CLANG_WARN_BOOL_CONVERSION = YES;
				CLANG_WARN_COMMA = YES;
				CLANG_WARN_CONSTANT_CONVERSION = YES;
				CLANG_WARN_DEPRECATED_OBJC_IMPLEMENTATIONS = YES;
				CLANG_WARN_DIRECT_OBJC_ISA_USAGE = YES_ERROR;
				CLANG_WARN_DOCUMENTATION_COMMENTS = YES;
				CLANG_WARN_EMPTY_BODY = YES;
				CLANG_WARN_ENUM_CONVERSION = YES;
				CLANG_WARN_INFINITE_RECURSION = YES;
				CLANG_WARN_INT_CONVERSION = YES;
				CLANG_WARN_NON_LITERAL_NULL_CONVERSION = YES;
				CLANG_WARN_OBJC_IMPLICIT_RETAIN_SELF = YES;
				CLANG_WARN_OBJC_LITERAL_CONVERSION = YES;
				CLANG_WARN_OBJC_ROOT_CLASS = YES_ERROR;
				CLANG_WARN_QUOTED_INCLUDE_IN_FRAMEWORK_HEADER = YES;
				CLANG_WARN_RANGE_LOOP_ANALYSIS = YES;
				CLANG_WARN_STRICT_PROTOTYPES = YES;
				CLANG_WARN_SUSPICIOUS_MOVE = YES;
				CLANG_WARN_UNGUARDED_AVAILABILITY = YES_AGGRESSIVE;
				CLANG_WARN_UNREACHABLE_CODE = YES;
				CLANG_WARN__DUPLICATE_METHOD_MATCH = YES;
				COPY_PHASE_STRIP = NO;
				DEBUG_INFORMATION_FORMAT = dwarf;
				DEVELOPMENT_TEAM = U8B97NVD7G;
				ENABLE_STRICT_OBJC_MSGSEND = YES;
				ENABLE_TESTABILITY = YES;
				ENABLE_USER_SCRIPT_SANDBOXING = YES;
				GCC_C_LANGUAGE_STANDARD = gnu17;
				GCC_DYNAMIC_NO_PIC = NO;
				GCC_NO_COMMON_BLOCKS = YES;
				GCC_OPTIMIZATION_LEVEL = 0;
				GCC_PREPROCESSOR_DEFINITIONS = (
					"DEBUG=1",
					"$(inherited)",
				);
				GCC_WARN_64_TO_32_BIT_CONVERSION = YES;
				GCC_WARN_ABOUT_RETURN_TYPE = YES_ERROR;
				GCC_WARN_UNDECLARED_SELECTOR = YES;
				GCC_WARN_UNINITIALIZED_AUTOS = YES_AGGRESSIVE;
				GCC_WARN_UNUSED_FUNCTION = YES;
				GCC_WARN_UNUSED_VARIABLE = YES;
				LOCALIZATION_PREFERS_STRING_CATALOGS = YES;
				MTL_ENABLE_DEBUG_INFO = INCLUDE_SOURCE;
				MTL_FAST_MATH = YES;
				ONLY_ACTIVE_ARCH = YES;
				SWIFT_ACTIVE_COMPILATION_CONDITIONS = "DEBUG $(inherited)";
				SWIFT_OPTIMIZATION_LEVEL = "-Onone";
			};
			name = Debug;
		};
		00EC43B22F1333D000801024 /* Release */ = {
			isa = XCBuildConfiguration;
			buildSettings = {
				ALWAYS_SEARCH_USER_PATHS = NO;
				ASSETCATALOG_COMPILER_GENERATE_SWIFT_ASSET_SYMBOL_EXTENSIONS = YES;
				CLANG_ANALYZER_NONNULL = YES;
				CLANG_ANALYZER_NUMBER_OBJECT_CONVERSION = YES_AGGRESSIVE;
				CLANG_CXX_LANGUAGE_STANDARD = "gnu++20";
				CLANG_ENABLE_MODULES = YES;
				CLANG_ENABLE_OBJC_ARC = YES;
				CLANG_ENABLE_OBJC_WEAK = YES;
				CLANG_WARN_BLOCK_CAPTURE_AUTORELEASING = YES;
				CLANG_WARN_BOOL_CONVERSION = YES;
				CLANG_WARN_COMMA = YES;
				CLANG_WARN_CONSTANT_CONVERSION = YES;
				CLANG_WARN_DEPRECATED_OBJC_IMPLEMENTATIONS = YES;
				CLANG_WARN_DIRECT_OBJC_ISA_USAGE = YES_ERROR;
				CLANG_WARN_DOCUMENTATION_COMMENTS = YES;
				CLANG_WARN_EMPTY_BODY = YES;
				CLANG_WARN_ENUM_CONVERSION = YES;
				CLANG_WARN_INFINITE_RECURSION = YES;
				CLANG_WARN_INT_CONVERSION = YES;
				CLANG_WARN_NON_LITERAL_NULL_CONVERSION = YES;
				CLANG_WARN_OBJC_IMPLICIT_RETAIN_SELF = YES;
				CLANG_WARN_OBJC_LITERAL_CONVERSION = YES;
				CLANG_WARN_OBJC_ROOT_CLASS = YES_ERROR;
				CLANG_WARN_QUOTED_INCLUDE_IN_FRAMEWORK_HEADER = YES;
				CLANG_WARN_RANGE_LOOP_ANALYSIS = YES;
				CLANG_WARN_STRICT_PROTOTYPES = YES;
				CLANG_WARN_SUSPICIOUS_MOVE = YES;
				CLANG_WARN_UNGUARDED_AVAILABILITY = YES_AGGRESSIVE;
				CLANG_WARN_UNREACHABLE_CODE = YES;
				CLANG_WARN__DUPLICATE_METHOD_MATCH = YES;
				COPY_PHASE_STRIP = NO;
				DEBUG_INFORMATION_FORMAT = "dwarf-with-dsym";
				DEVELOPMENT_TEAM = U8B97NVD7G;
				ENABLE_NS_ASSERTIONS = NO;
				ENABLE_STRICT_OBJC_MSGSEND = YES;
				ENABLE_USER_SCRIPT_SANDBOXING = YES;
				GCC_C_LANGUAGE_STANDARD = gnu17;
				GCC_NO_COMMON_BLOCKS = YES;
				GCC_WARN_64_TO_32_BIT_CONVERSION = YES;
				GCC_WARN_ABOUT_RETURN_TYPE = YES_ERROR;
				GCC_WARN_UNDECLARED_SELECTOR = YES;
				GCC_WARN_UNINITIALIZED_AUTOS = YES_AGGRESSIVE;
				GCC_WARN_UNUSED_FUNCTION = YES;
				GCC_WARN_UNUSED_VARIABLE = YES;
				LOCALIZATION_PREFERS_STRING_CATALOGS = YES;
				MTL_ENABLE_DEBUG_INFO = NO;
				MTL_FAST_MATH = YES;
				SWIFT_COMPILATION_MODE = wholemodule;
			};
			name = Release;
		};
		00EC43B42F1333D000801024 /* Debug */ = {
			isa = XCBuildConfiguration;
			buildSettings = {
				ASSETCATALOG_COMPILER_APPICON_NAME = AppIcon;
				ASSETCATALOG_COMPILER_GLOBAL_ACCENT_COLOR_NAME = AccentColor;
				CODE_SIGN_STYLE = Automatic;
				CURRENT_PROJECT_VERSION = 1;
				DEVELOPMENT_TEAM = U8B97NVD7G;
				ENABLE_APP_SANDBOX = YES;
				ENABLE_HARDENED_RUNTIME = YES;
				ENABLE_PREVIEWS = YES;
				ENABLE_USER_SELECTED_FILES = readonly;
				GENERATE_INFOPLIST_FILE = YES;
				INFOPLIST_KEY_CFBundleDisplayName = RapidDent;
				"INFOPLIST_KEY_UIApplicationSceneManifest_Generation[sdk=iphoneos*]" = YES;
				"INFOPLIST_KEY_UIApplicationSceneManifest_Generation[sdk=iphonesimulator*]" = YES;
				"INFOPLIST_KEY_UIApplicationSupportsIndirectInputEvents[sdk=iphoneos*]" = YES;
				"INFOPLIST_KEY_UIApplicationSupportsIndirectInputEvents[sdk=iphonesimulator*]" = YES;
				"INFOPLIST_KEY_UILaunchScreen_Generation[sdk=iphoneos*]" = YES;
				"INFOPLIST_KEY_UILaunchScreen_Generation[sdk=iphonesimulator*]" = YES;
				"INFOPLIST_KEY_UIStatusBarStyle[sdk=iphoneos*]" = UIStatusBarStyleDefault;
				"INFOPLIST_KEY_UIStatusBarStyle[sdk=iphonesimulator*]" = UIStatusBarStyleDefault;
				INFOPLIST_KEY_UISupportedInterfaceOrientations_iPad = "UIInterfaceOrientationPortrait UIInterfaceOrientationPortraitUpsideDown UIInterfaceOrientationLandscapeLeft UIInterfaceOrientationLandscapeRight";
				INFOPLIST_KEY_UISupportedInterfaceOrientations_iPhone = "UIInterfaceOrientationPortrait UIInterfaceOrientationLandscapeLeft UIInterfaceOrientationLandscapeRight";
				IPHONEOS_DEPLOYMENT_TARGET = 26.2;
				LD_RUNPATH_SEARCH_PATHS = "@executable_path/Frameworks";
				"LD_RUNPATH_SEARCH_PATHS[sdk=macosx*]" = "@executable_path/../Frameworks";
				MACOSX_DEPLOYMENT_TARGET = 26.2;
				MARKETING_VERSION = 1.0;
				PRODUCT_BUNDLE_IDENTIFIER = com.manya.RapidDent;
				PRODUCT_NAME = "$(TARGET_NAME)";
				REGISTER_APP_GROUPS = YES;
				SDKROOT = auto;
				STRING_CATALOG_GENERATE_SYMBOLS = YES;
				SUPPORTED_PLATFORMS = "iphoneos iphonesimulator macosx xros xrsimulator";
				SWIFT_APPROACHABLE_CONCURRENCY = YES;
				SWIFT_DEFAULT_ACTOR_ISOLATION = MainActor;
				SWIFT_EMIT_LOC_STRINGS = YES;
				SWIFT_UPCOMING_FEATURE_MEMBER_IMPORT_VISIBILITY = YES;
				SWIFT_VERSION = 5.0;
				TARGETED_DEVICE_FAMILY = "1,2,7";
				XROS_DEPLOYMENT_TARGET = 26.2;
			};
			name = Debug;
		};
		00EC43B52F1333D000801024 /* Release */ = {
			isa = XCBuildConfiguration;
			buildSettings = {
				ASSETCATALOG_COMPILER_APPICON_NAME = AppIcon;
				ASSETCATALOG_COMPILER_GLOBAL_ACCENT_COLOR_NAME = AccentColor;
				CODE_SIGN_STYLE = Automatic;
				CURRENT_PROJECT_VERSION = 1;
				DEVELOPMENT_TEAM = U8B97NVD7G;
				ENABLE_APP_SANDBOX = YES;
				ENABLE_HARDENED_RUNTIME = YES;
				ENABLE_PREVIEWS = YES;
				ENABLE_USER_SELECTED_FILES = readonly;
				GENERATE_INFOPLIST_FILE = YES;
				INFOPLIST_KEY_CFBundleDisplayName = RapidDent;
				"INFOPLIST_KEY_UIApplicationSceneManifest_Generation[sdk=iphoneos*]" = YES;
				"INFOPLIST_KEY_UIApplicationSceneManifest_Generation[sdk=iphonesimulator*]" = YES;
				"INFOPLIST_KEY_UIApplicationSupportsIndirectInputEvents[sdk=iphoneos*]" = YES;
				"INFOPLIST_KEY_UIApplicationSupportsIndirectInputEvents[sdk=iphonesimulator*]" = YES;
				"INFOPLIST_KEY_UILaunchScreen_Generation[sdk=iphoneos*]" = YES;
				"INFOPLIST_KEY_UILaunchScreen_Generation[sdk=iphonesimulator*]" = YES;
				"INFOPLIST_KEY_UIStatusBarStyle[sdk=iphoneos*]" = UIStatusBarStyleDefault;
				"INFOPLIST_KEY_UIStatusBarStyle[sdk=iphonesimulator*]" = UIStatusBarStyleDefault;
				INFOPLIST_KEY_UISupportedInterfaceOrientations_iPad = "UIInterfaceOrientationPortrait UIInterfaceOrientationPortraitUpsideDown UIInterfaceOrientationLandscapeLeft UIInterfaceOrientationLandscapeRight";
				INFOPLIST_KEY_UISupportedInterfaceOrientations_iPhone = "UIInterfaceOrientationPortrait UIInterfaceOrientationLandscapeLeft UIInterfaceOrientationLandscapeRight";
				IPHONEOS_DEPLOYMENT_TARGET = 26.2;
				LD_RUNPATH_SEARCH_PATHS = "@executable_path/Frameworks";
				"LD_RUNPATH_SEARCH_PATHS[sdk=macosx*]" = "@executable_path/../Frameworks";
				MACOSX_DEPLOYMENT_TARGET = 26.2;
				MARKETING_VERSION = 1.0;
				PRODUCT_BUNDLE_IDENTIFIER = com.manya.RapidDent;
				PRODUCT_NAME = "$(TARGET_NAME)";
				REGISTER_APP_GROUPS = YES;
				SDKROOT = auto;
				STRING_CATALOG_GENERATE_SYMBOLS = YES;
				SUPPORTED_PLATFORMS = "iphoneos iphonesimulator macosx xros xrsimulator";
				SWIFT_APPROACHABLE_CONCURRENCY = YES;
				SWIFT_DEFAULT_ACTOR_ISOLATION = MainActor;
				SWIFT_EMIT_LOC_STRINGS = YES;
				SWIFT_UPCOMING_FEATURE_MEMBER_IMPORT_VISIBILITY = YES;
				SWIFT_VERSION = 5.0;
				TARGETED_DEVICE_FAMILY = "1,2,7";
				XROS_DEPLOYMENT_TARGET = 26.2;
			};
			name = Release;
		};
		00EC43B72F1333D000801024 /* Debug */ = {
			isa = XCBuildConfiguration;
			buildSettings = {
				BUNDLE_LOADER = "$(TEST_HOST)";
				CODE_SIGN_STYLE = Automatic;
				CURRENT_PROJECT_VERSION = 1;
				DEVELOPMENT_TEAM = U8B97NVD7G;
				GENERATE_INFOPLIST_FILE = YES;
				IPHONEOS_DEPLOYMENT_TARGET = 26.2;
				MACOSX_DEPLOYMENT_TARGET = 26.2;
				MARKETING_VERSION = 1.0;
				PRODUCT_BUNDLE_IDENTIFIER = com.manya.DentalExamPrepTests;
				PRODUCT_NAME = "$(TARGET_NAME)";
				SDKROOT = auto;
				STRING_CATALOG_GENERATE_SYMBOLS = NO;
				SUPPORTED_PLATFORMS = "iphoneos iphonesimulator macosx xros xrsimulator";
				SWIFT_APPROACHABLE_CONCURRENCY = YES;
				SWIFT_EMIT_LOC_STRINGS = NO;
				SWIFT_UPCOMING_FEATURE_MEMBER_IMPORT_VISIBILITY = YES;
				SWIFT_VERSION = 5.0;
				TARGETED_DEVICE_FAMILY = "1,2,7";
				TEST_HOST = "$(BUILT_PRODUCTS_DIR)/RapidDent.app/$(BUNDLE_EXECUTABLE_FOLDER_PATH)/RapidDent";
				XROS_DEPLOYMENT_TARGET = 26.2;
			};
			name = Debug;
		};
		00EC43B82F1333D000801024 /* Release */ = {
			isa = XCBuildConfiguration;
			buildSettings = {
				BUNDLE_LOADER = "$(TEST_HOST)";
				CODE_SIGN_STYLE = Automatic;
				CURRENT_PROJECT_VERSION = 1;
				DEVELOPMENT_TEAM = U8B97NVD7G;
				GENERATE_INFOPLIST_FILE = YES;
				IPHONEOS_DEPLOYMENT_TARGET = 26.2;
				MACOSX_DEPLOYMENT_TARGET = 26.2;
				MARKETING_VERSION = 1.0;
				PRODUCT_BUNDLE_IDENTIFIER = com.manya.RapidDentTests;
				PRODUCT_NAME = "$(TARGET_NAME)";
				SDKROOT = auto;
				STRING_CATALOG_GENERATE_SYMBOLS = NO;
				SUPPORTED_PLATFORMS = "iphoneos iphonesimulator macosx xros xrsimulator";
				SWIFT_APPROACHABLE_CONCURRENCY = YES;
				SWIFT_EMIT_LOC_STRINGS = NO;
				SWIFT_UPCOMING_FEATURE_MEMBER_IMPORT_VISIBILITY = YES;
				SWIFT_VERSION = 5.0;
				TARGETED_DEVICE_FAMILY = "1,2,7";
				TEST_HOST = "$(BUILT_PRODUCTS_DIR)/RapidDent.app/$(BUNDLE_EXECUTABLE_FOLDER_PATH)/RapidDent";
				XROS_DEPLOYMENT_TARGET = 26.2;
			};
			name = Release;
		};
		00EC43BA2F1333D000801024 /* Debug */ = {
			isa = XCBuildConfiguration;
			buildSettings = {
				CODE_SIGN_STYLE = Automatic;
				CURRENT_PROJECT_VERSION = 1;
				DEVELOPMENT_TEAM = U8B97NVD7G;
				GENERATE_INFOPLIST_FILE = YES;
				IPHONEOS_DEPLOYMENT_TARGET = 26.2;
				MACOSX_DEPLOYMENT_TARGET = 26.2;
				MARKETING_VERSION = 1.0;
				PRODUCT_BUNDLE_IDENTIFIER = com.manya.RapidDentUITests;
				PRODUCT_NAME = "$(TARGET_NAME)";
				SDKROOT = auto;
				STRING_CATALOG_GENERATE_SYMBOLS = NO;
				SUPPORTED_PLATFORMS = "iphoneos iphonesimulator macosx xros xrsimulator";
				SWIFT_APPROACHABLE_CONCURRENCY = YES;
				SWIFT_EMIT_LOC_STRINGS = NO;
				SWIFT_UPCOMING_FEATURE_MEMBER_IMPORT_VISIBILITY = YES;
				SWIFT_VERSION = 5.0;
				TARGETED_DEVICE_FAMILY = "1,2,7";
				TEST_TARGET_NAME = RapidDent;
				XROS_DEPLOYMENT_TARGET = 26.2;
			};
			name = Debug;
		};
		00EC43BB2F1333D000801024 /* Release */ = {
			isa = XCBuildConfiguration;
			buildSettings = {
				CODE_SIGN_STYLE = Automatic;
				CURRENT_PROJECT_VERSION = 1;
				DEVELOPMENT_TEAM = U8B97NVD7G;
				GENERATE_INFOPLIST_FILE = YES;
				IPHONEOS_DEPLOYMENT_TARGET = 26.2;
				MACOSX_DEPLOYMENT_TARGET = 26.2;
				MARKETING_VERSION = 1.0;
				PRODUCT_BUNDLE_IDENTIFIER = com.manya.RapidDentUITests;
				PRODUCT_NAME = "$(TARGET_NAME)";
				SDKROOT = auto;
				STRING_CATALOG_GENERATE_SYMBOLS = NO;
				SUPPORTED_PLATFORMS = "iphoneos iphonesimulator macosx xros xrsimulator";
				SWIFT_APPROACHABLE_CONCURRENCY = YES;
				SWIFT_EMIT_LOC_STRINGS = NO;
				SWIFT_UPCOMING_FEATURE_MEMBER_IMPORT_VISIBILITY = YES;
				SWIFT_VERSION = 5.0;
				TARGETED_DEVICE_FAMILY = "1,2,7";
				TEST_TARGET_NAME = RapidDent;
				XROS_DEPLOYMENT_TARGET = 26.2;
			};
			name = Release;
		};
/* End XCBuildConfiguration section */

/* Begin XCConfigurationList section */
		00EC438D2F1333CD00801024 /* Build configuration list for PBXProject "RapidDent" */ = {
			isa = XCConfigurationList;
			buildConfigurations = (
				00EC43B12F1333D000801024 /* Debug */,
				00EC43B22F1333D000801024 /* Release */,
			);
			defaultConfigurationIsVisible = 0;
			defaultConfigurationName = Release;
		};
		00EC43B32F1333D000801024 /* Build configuration list for PBXNativeTarget "RapidDent" */ = {
			isa = XCConfigurationList;
			buildConfigurations = (
				00EC43B42F1333D000801024 /* Debug */,
				00EC43B52F1333D000801024 /* Release */,
			);
			defaultConfigurationIsVisible = 0;
			defaultConfigurationName = Release;
		};
		00EC43B62F1333D000801024 /* Build configuration list for PBXNativeTarget "RapidDentTests" */ = {
			isa = XCConfigurationList;
			buildConfigurations = (
				00EC43B72F1333D000801024 /* Debug */,
				00EC43B82F1333D000801024 /* Release */,
			);
			defaultConfigurationIsVisible = 0;
			defaultConfigurationName = Release;
		};
		00EC43B92F1333D000801024 /* Build configuration list for PBXNativeTarget "RapidDentUITests" */ = {
			isa = XCConfigurationList;
			buildConfigurations = (
				00EC43BA2F1333D000801024 /* Debug */,
				00EC43BB2F1333D000801024 /* Release */,
			);
			defaultConfigurationIsVisible = 0;
			defaultConfigurationName = Release;
		};
/* End XCConfigurationList section */

/* Begin XCRemoteSwiftPackageReference section */
		00EC43BC2F1334E400801024 /* XCRemoteSwiftPackageReference "firebase-ios-sdk" */ = {
			isa = XCRemoteSwiftPackageReference;
			repositoryURL = "https://github.com/firebase/firebase-ios-sdk";
			requirement = {
				kind = upToNextMajorVersion;
				minimumVersion = 12.7.0;
			};
		};
/* End XCRemoteSwiftPackageReference section */

/* Begin XCSwiftPackageProductDependency section */
		00EC43BD2F1334E400801024 /* FirebaseAI */ = {
			isa = XCSwiftPackageProductDependency;
			package = 00EC43BC2F1334E400801024 /* XCRemoteSwiftPackageReference "firebase-ios-sdk" */;
			productName = FirebaseAI;
		};
		00EC43BF2F1334E400801024 /* FirebaseAILogic */ = {
			isa = XCSwiftPackageProductDependency;
			package = 00EC43BC2F1334E400801024 /* XCRemoteSwiftPackageReference "firebase-ios-sdk" */;
			productName = FirebaseAILogic;
		};
		00EC43C12F1334E400801024 /* FirebaseAnalytics */ = {
			isa = XCSwiftPackageProductDependency;
			package = 00EC43BC2F1334E400801024 /* XCRemoteSwiftPackageReference "firebase-ios-sdk" */;
			productName = FirebaseAnalytics;
		};
		00EC43C32F1334E400801024 /* FirebaseAnalyticsCore */ = {
			isa = XCSwiftPackageProductDependency;
			package = 00EC43BC2F1334E400801024 /* XCRemoteSwiftPackageReference "firebase-ios-sdk" */;
			productName = FirebaseAnalyticsCore;
		};
		00EC43C52F1334E400801024 /* FirebaseAnalyticsIdentitySupport */ = {
			isa = XCSwiftPackageProductDependency;
			package = 00EC43BC2F1334E400801024 /* XCRemoteSwiftPackageReference "firebase-ios-sdk" */;
			productName = FirebaseAnalyticsIdentitySupport;
		};
		00EC43C72F1334E400801025 /* FirebaseFirestore */ = {
			isa = XCSwiftPackageProductDependency;
			package = 00EC43BC2F1334E400801024 /* XCRemoteSwiftPackageReference "firebase-ios-sdk" */;
			productName = FirebaseFirestore;
		};
/* End XCSwiftPackageProductDependency section */
	};
	rootObject = 00EC438A2F1333CD00801024 /* Project object */;
}
